// !$*UTF8*$!
{
	archiveVersion = 1;
	classes = {
	};
	objectVersion = 50;
	objects = {

/* Begin PBXBuildFile section */
		D61A2F079F772BCFB3445309 /* Pods_AudioKit_play.framework in Frameworks */ = {isa = PBXBuildFile; fileRef = 17E0E3F91F822F6CCE23BB60 /* Pods_AudioKit_play.framework */; };
		FCE622D1209BEF48009CB022 /* AppDelegate.swift in Sources */ = {isa = PBXBuildFile; fileRef = FCE622D0209BEF48009CB022 /* AppDelegate.swift */; };
		FCE622D3209BEF48009CB022 /* ViewController.swift in Sources */ = {isa = PBXBuildFile; fileRef = FCE622D2209BEF48009CB022 /* ViewController.swift */; };
		FCE622D6209BEF48009CB022 /* Main.storyboard in Resources */ = {isa = PBXBuildFile; fileRef = FCE622D4209BEF48009CB022 /* Main.storyboard */; };
		FCE622D8209BEF4A009CB022 /* Assets.xcassets in Resources */ = {isa = PBXBuildFile; fileRef = FCE622D7209BEF4A009CB022 /* Assets.xcassets */; };
		FCE622DB209BEF4A009CB022 /* LaunchScreen.storyboard in Resources */ = {isa = PBXBuildFile; fileRef = FCE622D9209BEF4A009CB022 /* LaunchScreen.storyboard */; };
		FCE622E3209BEFE7009CB022 /* GeneralUserGS.sf2 in Resources */ = {isa = PBXBuildFile; fileRef = FCE622E2209BEFE7009CB022 /* GeneralUserGS.sf2 */; };
/* End PBXBuildFile section */

/* Begin PBXFileReference section */
		15A1B39235C615DE3B268702 /* Pods-AudioKit-play.release.xcconfig */ = {isa = PBXFileReference; includeInIndex = 1; lastKnownFileType = text.xcconfig; name = "Pods-AudioKit-play.release.xcconfig"; path = "Pods/Target Support Files/Pods-AudioKit-play/Pods-AudioKit-play.release.xcconfig"; sourceTree = "<group>"; };
		17E0E3F91F822F6CCE23BB60 /* Pods_AudioKit_play.framework */ = {isa = PBXFileReference; explicitFileType = wrapper.framework; includeInIndex = 0; path = Pods_AudioKit_play.framework; sourceTree = BUILT_PRODUCTS_DIR; };
		CB6FAD8B7B200D54378D207C /* Pods-AudioKit-play.debug.xcconfig */ = {isa = PBXFileReference; includeInIndex = 1; lastKnownFileType = text.xcconfig; name = "Pods-AudioKit-play.debug.xcconfig"; path = "Pods/Target Support Files/Pods-AudioKit-play/Pods-AudioKit-play.debug.xcconfig"; sourceTree = "<group>"; };
		FCE622CD209BEF48009CB022 /* AudioKit-play.app */ = {isa = PBXFileReference; explicitFileType = wrapper.application; includeInIndex = 0; path = "AudioKit-play.app"; sourceTree = BUILT_PRODUCTS_DIR; };
		FCE622D0209BEF48009CB022 /* AppDelegate.swift */ = {isa = PBXFileReference; lastKnownFileType = sourcecode.swift; path = AppDelegate.swift; sourceTree = "<group>"; };
		FCE622D2209BEF48009CB022 /* ViewController.swift */ = {isa = PBXFileReference; lastKnownFileType = sourcecode.swift; path = ViewController.swift; sourceTree = "<group>"; };
		FCE622D5209BEF48009CB022 /* Base */ = {isa = PBXFileReference; lastKnownFileType = file.storyboard; name = Base; path = Base.lproj/Main.storyboard; sourceTree = "<group>"; };
		FCE622D7209BEF4A009CB022 /* Assets.xcassets */ = {isa = PBXFileReference; lastKnownFileType = folder.assetcatalog; path = Assets.xcassets; sourceTree = "<group>"; };
		FCE622DA209BEF4A009CB022 /* Base */ = {isa = PBXFileReference; lastKnownFileType = file.storyboard; name = Base; path = Base.lproj/LaunchScreen.storyboard; sourceTree = "<group>"; };
		FCE622DC209BEF4A009CB022 /* Info.plist */ = {isa = PBXFileReference; lastKnownFileType = text.plist.xml; path = Info.plist; sourceTree = "<group>"; };
		FCE622E2209BEFE7009CB022 /* GeneralUserGS.sf2 */ = {isa = PBXFileReference; lastKnownFileType = file; path = GeneralUserGS.sf2; sourceTree = "<group>"; };
/* End PBXFileReference section */

/* Begin PBXFrameworksBuildPhase section */
		FCE622CA209BEF48009CB022 /* Frameworks */ = {
			isa = PBXFrameworksBuildPhase;
			buildActionMask = 2147483647;
			files = (
				D61A2F079F772BCFB3445309 /* Pods_AudioKit_play.framework in Frameworks */,
			);
			runOnlyForDeploymentPostprocessing = 0;
		};
/* End PBXFrameworksBuildPhase section */

/* Begin PBXGroup section */
		67B021BEFF64C550D026563E /* Frameworks */ = {
			isa = PBXGroup;
			children = (
				17E0E3F91F822F6CCE23BB60 /* Pods_AudioKit_play.framework */,
			);
			name = Frameworks;
			sourceTree = "<group>";
		};
		A3B0AC78D8DB725C30E06B57 /* Pods */ = {
			isa = PBXGroup;
			children = (
				CB6FAD8B7B200D54378D207C /* Pods-AudioKit-play.debug.xcconfig */,
				15A1B39235C615DE3B268702 /* Pods-AudioKit-play.release.xcconfig */,
			);
			name = Pods;
			sourceTree = "<group>";
		};
		FCE622C4209BEF48009CB022 = {
			isa = PBXGroup;
			children = (
				FCE622CF209BEF48009CB022 /* AudioKit-play */,
				FCE622CE209BEF48009CB022 /* Products */,
				A3B0AC78D8DB725C30E06B57 /* Pods */,
				67B021BEFF64C550D026563E /* Frameworks */,
			);
			sourceTree = "<group>";
		};
		FCE622CE209BEF48009CB022 /* Products */ = {
			isa = PBXGroup;
			children = (
				FCE622CD209BEF48009CB022 /* AudioKit-play.app */,
			);
			name = Products;
			sourceTree = "<group>";
		};
		FCE622CF209BEF48009CB022 /* AudioKit-play */ = {
			isa = PBXGroup;
			children = (
				FCE622D0209BEF48009CB022 /* AppDelegate.swift */,
				FCE622D2209BEF48009CB022 /* ViewController.swift */,
				FCE622D4209BEF48009CB022 /* Main.storyboard */,
				FCE622D7209BEF4A009CB022 /* Assets.xcassets */,
				FCE622D9209BEF4A009CB022 /* LaunchScreen.storyboard */,
				FCE622E2209BEFE7009CB022 /* GeneralUserGS.sf2 */,
				FCE622DC209BEF4A009CB022 /* Info.plist */,
			);
			path = "AudioKit-play";
			sourceTree = "<group>";
		};
/* End PBXGroup section */

/* Begin PBXNativeTarget section */
		FCE622CC209BEF48009CB022 /* AudioKit-play */ = {
			isa = PBXNativeTarget;
			buildConfigurationList = FCE622DF209BEF4A009CB022 /* Build configuration list for PBXNativeTarget "AudioKit-play" */;
			buildPhases = (
				7D822E5DE870B84E69C5EDCC /* [CP] Check Pods Manifest.lock */,
				FCE622C9209BEF48009CB022 /* Sources */,
				FCE622CA209BEF48009CB022 /* Frameworks */,
				FCE622CB209BEF48009CB022 /* Resources */,
			);
			buildRules = (
			);
			dependencies = (
			);
			name = "AudioKit-play";
			productName = "AudioKit-play";
			productReference = FCE622CD209BEF48009CB022 /* AudioKit-play.app */;
			productType = "com.apple.product-type.application";
		};
/* End PBXNativeTarget section */

/* Begin PBXProject section */
		FCE622C5209BEF48009CB022 /* Project object */ = {
			isa = PBXProject;
			attributes = {
				LastSwiftUpdateCheck = 0930;
				LastUpgradeCheck = 0930;
				ORGANIZATIONNAME = Sihao;
				TargetAttributes = {
					FCE622CC209BEF48009CB022 = {
						CreatedOnToolsVersion = 9.3;
					};
				};
			};
			buildConfigurationList = FCE622C8209BEF48009CB022 /* Build configuration list for PBXProject "AudioKit-play" */;
			compatibilityVersion = "Xcode 9.3";
			developmentRegion = en;
			hasScannedForEncodings = 0;
			knownRegions = (
				en,
				Base,
			);
			mainGroup = FCE622C4209BEF48009CB022;
			productRefGroup = FCE622CE209BEF48009CB022 /* Products */;
			projectDirPath = "";
			projectRoot = "";
			targets = (
				FCE622CC209BEF48009CB022 /* AudioKit-play */,
			);
		};
/* End PBXProject section */

/* Begin PBXResourcesBuildPhase section */
		FCE622CB209BEF48009CB022 /* Resources */ = {
			isa = PBXResourcesBuildPhase;
			buildActionMask = 2147483647;
			files = (
				FCE622DB209BEF4A009CB022 /* LaunchScreen.storyboard in Resources */,
				FCE622E3209BEFE7009CB022 /* GeneralUserGS.sf2 in Resources */,
				FCE622D8209BEF4A009CB022 /* Assets.xcassets in Resources */,
				FCE622D6209BEF48009CB022 /* Main.storyboard in Resources */,
			);
			runOnlyForDeploymentPostprocessing = 0;
		};
/* End PBXResourcesBuildPhase section */

/* Begin PBXShellScriptBuildPhase section */
		7D822E5DE870B84E69C5EDCC /* [CP] Check Pods Manifest.lock */ = {
			isa = PBXShellScriptBuildPhase;
			buildActionMask = 2147483647;
			files = (
			);
			inputPaths = (
				"${PODS_PODFILE_DIR_PATH}/Podfile.lock",
				"${PODS_ROOT}/Manifest.lock",
			);
			name = "[CP] Check Pods Manifest.lock";
			outputPaths = (
				"$(DERIVED_FILE_DIR)/Pods-AudioKit-play-checkManifestLockResult.txt",
			);
			runOnlyForDeploymentPostprocessing = 0;
			shellPath = /bin/sh;
			shellScript = "diff \"${PODS_PODFILE_DIR_PATH}/Podfile.lock\" \"${PODS_ROOT}/Manifest.lock\" > /dev/null\nif [ $? != 0 ] ; then\n    # print error to STDERR\n    echo \"error: The sandbox is not in sync with the Podfile.lock. Run 'pod install' or update your CocoaPods installation.\" >&2\n    exit 1\nfi\n# This output is used by Xcode 'outputs' to avoid re-running this script phase.\necho \"SUCCESS\" > \"${SCRIPT_OUTPUT_FILE_0}\"\n";
			showEnvVarsInLog = 0;
		};
/* End PBXShellScriptBuildPhase section */

/* Begin PBXSourcesBuildPhase section */
		FCE622C9209BEF48009CB022 /* Sources */ = {
			isa = PBXSourcesBuildPhase;
			buildActionMask = 2147483647;
			files = (
				FCE622D3209BEF48009CB022 /* ViewController.swift in Sources */,
				FCE622D1209BEF48009CB022 /* AppDelegate.swift in Sources */,
			);
			runOnlyForDeploymentPostprocessing = 0;
		};
/* End PBXSourcesBuildPhase section */

/* Begin PBXVariantGroup section */
		FCE622D4209BEF48009CB022 /* Main.storyboard */ = {
			isa = PBXVariantGroup;
			children = (
				FCE622D5209BEF48009CB022 /* Base */,
			);
			name = Main.storyboard;
			sourceTree = "<group>";
		};
		FCE622D9209BEF4A009CB022 /* LaunchScreen.storyboard */ = {
			isa = PBXVariantGroup;
			children = (
				FCE622DA209BEF4A009CB022 /* Base */,
			);
			name = LaunchScreen.storyboard;
			sourceTree = "<group>";
		};
/* End PBXVariantGroup section */

/* Begin XCBuildConfiguration section */
		FCE622DD209BEF4A009CB022 /* Debug */ = {
			isa = XCBuildConfiguration;
			buildSettings = {
				ALWAYS_SEARCH_USER_PATHS = NO;
				CLANG_ANALYZER_NONNULL = YES;
				CLANG_ANALYZER_NUMBER_OBJECT_CONVERSION = YES_AGGRESSIVE;
				CLANG_CXX_LANGUAGE_STANDARD = "gnu++14";
				CLANG_CXX_LIBRARY = "libc++";
				CLANG_ENABLE_MODULES = YES;
				CLANG_ENABLE_OBJC_ARC = YES;
				CLANG_ENABLE_OBJC_WEAK = YES;
				CLANG_WARN_BLOCK_CAPTURE_AUTORELEASING = YES;
				CLANG_WARN_BOOL_CONVERSION = YES;
				CLANG_WARN_COMMA = YES;
				CLANG_WARN_CONSTANT_CONVERSION = YES;
				CLANG_WARN_DEPRECATED_OBJC_IMPLEMENTATIONS = YES;
				CLANG_WARN_DIRECT_OBJC_ISA_USAGE = YES_ERROR;
				CLANG_WARN_DOCUMENTATION_COMMENTS = YES;
				CLANG_WARN_EMPTY_BODY = YES;
				CLANG_WARN_ENUM_CONVERSION = YES;
				CLANG_WARN_INFINITE_RECURSION = YES;
				CLANG_WARN_INT_CONVERSION = YES;
				CLANG_WARN_NON_LITERAL_NULL_CONVERSION = YES;
				CLANG_WARN_OBJC_IMPLICIT_RETAIN_SELF = YES;
				CLANG_WARN_OBJC_LITERAL_CONVERSION = YES;
				CLANG_WARN_OBJC_ROOT_CLASS = YES_ERROR;
				CLANG_WARN_RANGE_LOOP_ANALYSIS = YES;
				CLANG_WARN_STRICT_PROTOTYPES = YES;
				CLANG_WARN_SUSPICIOUS_MOVE = YES;
				CLANG_WARN_UNGUARDED_AVAILABILITY = YES_AGGRESSIVE;
				CLANG_WARN_UNREACHABLE_CODE = YES;
				CLANG_WARN__DUPLICATE_METHOD_MATCH = YES;
				CODE_SIGN_IDENTITY = "iPhone Developer";
				COPY_PHASE_STRIP = NO;
				DEBUG_INFORMATION_FORMAT = dwarf;
				ENABLE_STRICT_OBJC_MSGSEND = YES;
				ENABLE_TESTABILITY = YES;
				GCC_C_LANGUAGE_STANDARD = gnu11;
				GCC_DYNAMIC_NO_PIC = NO;
				GCC_NO_COMMON_BLOCKS = YES;
				GCC_OPTIMIZATION_LEVEL = 0;
				GCC_PREPROCESSOR_DEFINITIONS = (
					"DEBUG=1",
					"$(inherited)",
				);
				GCC_WARN_64_TO_32_BIT_CONVERSION = YES;
				GCC_WARN_ABOUT_RETURN_TYPE = YES_ERROR;
				GCC_WARN_UNDECLARED_SELECTOR = YES;
				GCC_WARN_UNINITIALIZED_AUTOS = YES_AGGRESSIVE;
				GCC_WARN_UNUSED_FUNCTION = YES;
				GCC_WARN_UNUSED_VARIABLE = YES;
				IPHONEOS_DEPLOYMENT_TARGET = 11.3;
				MTL_ENABLE_DEBUG_INFO = YES;
				ONLY_ACTIVE_ARCH = YES;
				SDKROOT = iphoneos;
				SWIFT_ACTIVE_COMPILATION_CONDITIONS = DEBUG;
				SWIFT_OPTIMIZATION_LEVEL = "-Onone";
			};
			name = Debug;
		};
		FCE622DE209BEF4A009CB022 /* Release */ = {
			isa = XCBuildConfiguration;
			buildSettings = {
				ALWAYS_SEARCH_USER_PATHS = NO;
				CLANG_ANALYZER_NONNULL = YES;
				CLANG_ANALYZER_NUMBER_OBJECT_CONVERSION = YES_AGGRESSIVE;
				CLANG_CXX_LANGUAGE_STANDARD = "gnu++14";
				CLANG_CXX_LIBRARY = "libc++";
				CLANG_ENABLE_MODULES = YES;
				CLANG_ENABLE_OBJC_ARC = YES;
				CLANG_ENABLE_OBJC_WEAK = YES;
				CLANG_WARN_BLOCK_CAPTURE_AUTORELEASING = YES;
				CLANG_WARN_BOOL_CONVERSION = YES;
				CLANG_WARN_COMMA = YES;
				CLANG_WARN_CONSTANT_CONVERSION = YES;
				CLANG_WARN_DEPRECATED_OBJC_IMPLEMENTATIONS = YES;
				CLANG_WARN_DIRECT_OBJC_ISA_USAGE = YES_ERROR;
				CLANG_WARN_DOCUMENTATION_COMMENTS = YES;
				CLANG_WARN_EMPTY_BODY = YES;
				CLANG_WARN_ENUM_CONVERSION = YES;
				CLANG_WARN_INFINITE_RECURSION = YES;
				CLANG_WARN_INT_CONVERSION = YES;
				CLANG_WARN_NON_LITERAL_NULL_CONVERSION = YES;
				CLANG_WARN_OBJC_IMPLICIT_RETAIN_SELF = YES;
				CLANG_WARN_OBJC_LITERAL_CONVERSION = YES;
				CLANG_WARN_OBJC_ROOT_CLASS = YES_ERROR;
				CLANG_WARN_RANGE_LOOP_ANALYSIS = YES;
				CLANG_WARN_STRICT_PROTOTYPES = YES;
				CLANG_WARN_SUSPICIOUS_MOVE = YES;
				CLANG_WARN_UNGUARDED_AVAILABILITY = YES_AGGRESSIVE;
				CLANG_WARN_UNREACHABLE_CODE = YES;
				CLANG_WARN__DUPLICATE_METHOD_MATCH = YES;
				CODE_SIGN_IDENTITY = "iPhone Developer";
				COPY_PHASE_STRIP = NO;
				DEBUG_INFORMATION_FORMAT = "dwarf-with-dsym";
				ENABLE_NS_ASSERTIONS = NO;
				ENABLE_STRICT_OBJC_MSGSEND = YES;
				GCC_C_LANGUAGE_STANDARD = gnu11;
				GCC_NO_COMMON_BLOCKS = YES;
				GCC_WARN_64_TO_32_BIT_CONVERSION = YES;
				GCC_WARN_ABOUT_RETURN_TYPE = YES_ERROR;
				GCC_WARN_UNDECLARED_SELECTOR = YES;
				GCC_WARN_UNINITIALIZED_AUTOS = YES_AGGRESSIVE;
				GCC_WARN_UNUSED_FUNCTION = YES;
				GCC_WARN_UNUSED_VARIABLE = YES;
				IPHONEOS_DEPLOYMENT_TARGET = 11.3;
				MTL_ENABLE_DEBUG_INFO = NO;
				SDKROOT = iphoneos;
				SWIFT_COMPILATION_MODE = wholemodule;
				SWIFT_OPTIMIZATION_LEVEL = "-O";
				VALIDATE_PRODUCT = YES;
			};
			name = Release;
		};
		FCE622E0209BEF4A009CB022 /* Debug */ = {
			isa = XCBuildConfiguration;
			baseConfigurationReference = CB6FAD8B7B200D54378D207C /* Pods-AudioKit-play.debug.xcconfig */;
			buildSettings = {
				ASSETCATALOG_COMPILER_APPICON_NAME = AppIcon;
				CODE_SIGN_STYLE = Automatic;
				DEVELOPMENT_TEAM = 52RD2GH5DP;
				INFOPLIST_FILE = "AudioKit-play/Info.plist";
				LD_RUNPATH_SEARCH_PATHS = (
					"$(inherited)",
					"@executable_path/Frameworks",
				);
				PRODUCT_BUNDLE_IDENTIFIER = "com.squareup.sihao.AudioKit-play";
				PRODUCT_NAME = "$(TARGET_NAME)";
				SWIFT_VERSION = 4.0;
				TARGETED_DEVICE_FAMILY = "1,2";
			};
			name = Debug;
		};
		FCE622E1209BEF4A009CB022 /* Release */ = {
			isa = XCBuildConfiguration;
			baseConfigurationReference = 15A1B39235C615DE3B268702 /* Pods-AudioKit-play.release.xcconfig */;
			buildSettings = {
				ASSETCATALOG_COMPILER_APPICON_NAME = AppIcon;
				CODE_SIGN_STYLE = Automatic;
				DEVELOPMENT_TEAM = 52RD2GH5DP;
				INFOPLIST_FILE = "AudioKit-play/Info.plist";
				LD_RUNPATH_SEARCH_PATHS = (
					"$(inherited)",
					"@executable_path/Frameworks",
				);
				PRODUCT_BUNDLE_IDENTIFIER = "com.squareup.sihao.AudioKit-play";
				PRODUCT_NAME = "$(TARGET_NAME)";
				SWIFT_VERSION = 4.0;
				TARGETED_DEVICE_FAMILY = "1,2";
			};
			name = Release;
		};
/* End XCBuildConfiguration section */

/* Begin XCConfigurationList section */
		FCE622C8209BEF48009CB022 /* Build configuration list for PBXProject "AudioKit-play" */ = {
			isa = XCConfigurationList;
			buildConfigurations = (
				FCE622DD209BEF4A009CB022 /* Debug */,
				FCE622DE209BEF4A009CB022 /* Release */,
			);
			defaultConfigurationIsVisible = 0;
			defaultConfigurationName = Release;
		};
		FCE622DF209BEF4A009CB022 /* Build configuration list for PBXNativeTarget "AudioKit-play" */ = {
			isa = XCConfigurationList;
			buildConfigurations = (
				FCE622E0209BEF4A009CB022 /* Debug */,
				FCE622E1209BEF4A009CB022 /* Release */,
			);
			defaultConfigurationIsVisible = 0;
			defaultConfigurationName = Release;
		};
/* End XCConfigurationList section */
	};
	rootObject = FCE622C5209BEF48009CB022 /* Project object */;
}
